
Microsoft Visual Studio Solution File, Format Version 12.00
# Visual Studio Version 16
VisualStudioVersion = 16.0.33328.57
MinimumVisualStudioVersion = 10.0.40219.1
Project("{8BC9CEB8-8B4A-11D0-8D11-00A0C91BC942}") = "PlaufullnessTheory", "PlaufullnessTheory.vcxproj", "{82B3DA16-66ED-4024-825D-66C94EBAB5FE}"
EndProject
Global
	GlobalSection(SolutionConfigurationPlatforms) = preSolution
		Debug|x64 = Debug|x64
		Debug|x86 = Debug|x86
		Release|x64 = Release|x64
		Release|x86 = Release|x86
	EndGlobalSection
	GlobalSection(ProjectConfigurationPlatforms) = postSolution
		{82B3DA16-66ED-4024-825D-66C94EBAB5FE}.Debug|x64.ActiveCfg = Debug|x64
		{82B3DA16-66ED-4024-825D-66C94EBAB5FE}.Debug|x64.Build.0 = Debug|x64
		{82B3DA16-66ED-4024-825D-66C94EBAB5FE}.Debug|x86.ActiveCfg = Debug|Win32
		{82B3DA16-66ED-4024-825D-66C94EBAB5FE}.Debug|x86.Build.0 = Debug|Win32
		{82B3DA16-66ED-4024-825D-66C94EBAB5FE}.Release|x64.ActiveCfg = Release|x64
		{82B3DA16-66ED-4024-825D-66C94EBAB5FE}.Release|x64.Build.0 = Release|x64
		{82B3DA16-66ED-4024-825D-66C94EBAB5FE}.Release|x86.ActiveCfg = Release|Win32
		{82B3DA16-66ED-4024-825D-66C94EBAB5FE}.Release|x86.Build.0 = Release|Win32
	EndGlobalSection
	GlobalSection(SolutionProperties) = preSolution
		HideSolutionNode = FALSE
	EndGlobalSection
	GlobalSection(ExtensibilityGlobals) = postSolution
		SolutionGuid = {0F85C087-AEF3-4F01-AE0D-E0451345838C}
	EndGlobalSection
EndGlobal
